{
  "object": {
    "pins": [
      {
        "package": "CwlCatchException",
        "repositoryURL": "https://github.com/mattgallagher/CwlCatchException.git",
        "state": {
          "branch": null,
          "revision": "f809deb30dc5c9d9b78c872e553261a61177721a",
          "version": "2.0.0"
        }
      },
      {
        "package": "CwlPreconditionTesting",
        "repositoryURL": "https://github.com/jsmi1417-ford/CwlPreconditionTesting.git",
        "state": {
          "branch": "master",
          "revision": "3f8fb9b554cd54e2ae6b3b7f413c24efb8ca8f7d",
          "version": null
        }
      }
    ]
  },
  "version": 1
}
